
Microsoft Visual Studio Solution File, Format Version 12.00
# Visual Studio 15
VisualStudioVersion = 15.0.28010.2041
MinimumVisualStudioVersion = 10.0.40219.1
Project("{FAE04EC0-301F-11D3-BF4B-00C04F79EFBC}") = "AdapterInfo", "AdapterInfo\AdapterInfo.csproj", "{6E946F59-1164-4799-ABA0-3915511F4430}"
EndProject
Global
	GlobalSection(SolutionConfigurationPlatforms) = preSolution
		Debug|Any CPU = Debug|Any CPU
		Release|Any CPU = Release|Any CPU
	EndGlobalSection
	GlobalSection(ProjectConfigurationPlatforms) = postSolution
		{6E946F59-1164-4799-ABA0-3915511F4430}.Debug|Any CPU.ActiveCfg = Debug|Any CPU
		{6E946F59-1164-4799-ABA0-3915511F4430}.Debug|Any CPU.Build.0 = Debug|Any CPU
		{6E946F59-1164-4799-ABA0-3915511F4430}.Release|Any CPU.ActiveCfg = Release|Any CPU
		{6E946F59-1164-4799-ABA0-3915511F4430}.Release|Any CPU.Build.0 = Release|Any CPU
	EndGlobalSection
	GlobalSection(SolutionProperties) = preSolution
		HideSolutionNode = FALSE
	EndGlobalSection
	GlobalSection(ExtensibilityGlobals) = postSolution
		SolutionGuid = {4214CACE-8837-4032-9F7B-C4E7B01E9896}
	EndGlobalSection
EndGlobal
